
Microsoft Visual Studio Solution File, Format Version 12.00
# Visual Studio 2012
Project("{FAE04EC0-301F-11D3-BF4B-00C04F79EFBC}") = "GameOfLife", "GameOfLife\GameOfLife.csproj", "{A6EF8AF4-D695-48DD-8B85-1BC289A5BB0C}"
EndProject
Project("{FAE04EC0-301F-11D3-BF4B-00C04F79EFBC}") = "GameOfLife.Tests", "GameOfLife.Tests\GameOfLife.Tests.csproj", "{3163173F-0D8C-4CC4-BBAE-F614F5B0591E}"
EndProject
Global
	GlobalSection(SolutionConfigurationPlatforms) = preSolution
		Debug|Any CPU = Debug|Any CPU
		Release|Any CPU = Release|Any CPU
	EndGlobalSection
	GlobalSection(ProjectConfigurationPlatforms) = postSolution
		{A6EF8AF4-D695-48DD-8B85-1BC289A5BB0C}.Debug|Any CPU.ActiveCfg = Debug|Any CPU
		{A6EF8AF4-D695-48DD-8B85-1BC289A5BB0C}.Debug|Any CPU.Build.0 = Debug|Any CPU
		{A6EF8AF4-D695-48DD-8B85-1BC289A5BB0C}.Release|Any CPU.ActiveCfg = Release|Any CPU
		{A6EF8AF4-D695-48DD-8B85-1BC289A5BB0C}.Release|Any CPU.Build.0 = Release|Any CPU
		{3163173F-0D8C-4CC4-BBAE-F614F5B0591E}.Debug|Any CPU.ActiveCfg = Debug|Any CPU
		{3163173F-0D8C-4CC4-BBAE-F614F5B0591E}.Debug|Any CPU.Build.0 = Debug|Any CPU
		{3163173F-0D8C-4CC4-BBAE-F614F5B0591E}.Release|Any CPU.ActiveCfg = Release|Any CPU
		{3163173F-0D8C-4CC4-BBAE-F614F5B0591E}.Release|Any CPU.Build.0 = Release|Any CPU
	EndGlobalSection
	GlobalSection(SolutionProperties) = preSolution
		HideSolutionNode = FALSE
	EndGlobalSection
EndGlobal
